
Microsoft Visual Studio Solution File, Format Version 12.00
# Visual Studio Version 17
VisualStudioVersion = 17.0.31903.59
MinimumVisualStudioVersion = 10.0.40219.1
Project("{FAE04EC0-301F-11D3-BF4B-00C04F79EFBC}") = "HousingAppointment.Api", "HousingAppointment.Api\HousingAppointment.Api.csproj", "{A709A6BB-5BCD-4554-90B0-49F0EE3321EC}"
EndProject
Project("{FAE04EC0-301F-11D3-BF4B-00C04F79EFBC}") = "HousingAppointment.Api.Tests", "HousingAppointment.Api.Tests\HousingAppointment.Api.Tests.csproj", "{E4B707F2-B0A9-426B-8398-005F6AD8AAF0}"
EndProject
Global
	GlobalSection(SolutionConfigurationPlatforms) = preSolution
		Debug|Any CPU = Debug|Any CPU
		Release|Any CPU = Release|Any CPU
	EndGlobalSection
	GlobalSection(SolutionProperties) = preSolution
		HideSolutionNode = FALSE
	EndGlobalSection
	GlobalSection(ProjectConfigurationPlatforms) = postSolution
		{A709A6BB-5BCD-4554-90B0-49F0EE3321EC}.Debug|Any CPU.ActiveCfg = Debug|Any CPU
		{A709A6BB-5BCD-4554-90B0-49F0EE3321EC}.Debug|Any CPU.Build.0 = Debug|Any CPU
		{A709A6BB-5BCD-4554-90B0-49F0EE3321EC}.Release|Any CPU.ActiveCfg = Release|Any CPU
		{A709A6BB-5BCD-4554-90B0-49F0EE3321EC}.Release|Any CPU.Build.0 = Release|Any CPU
		{E4B707F2-B0A9-426B-8398-005F6AD8AAF0}.Debug|Any CPU.ActiveCfg = Debug|Any CPU
		{E4B707F2-B0A9-426B-8398-005F6AD8AAF0}.Debug|Any CPU.Build.0 = Debug|Any CPU
		{E4B707F2-B0A9-426B-8398-005F6AD8AAF0}.Release|Any CPU.ActiveCfg = Release|Any CPU
		{E4B707F2-B0A9-426B-8398-005F6AD8AAF0}.Release|Any CPU.Build.0 = Release|Any CPU
	EndGlobalSection
EndGlobal
